
Microsoft Visual Studio Solution File, Format Version 12.00
# Visual Studio Version 17
VisualStudioVersion = 17.2.32630.192
MinimumVisualStudioVersion = 10.0.40219.1
Project("{9A19103F-16F7-4668-BE54-9A1E7A4F7556}") = "ModdingTools.App", "ModdingTools.App\ModdingTools.App.csproj", "{DEFBBD28-FB44-4701-AAA7-65B247587844}"
EndProject
Project("{9A19103F-16F7-4668-BE54-9A1E7A4F7556}") = "ModdingTools.Templates", "ModdingTools.Templates\ModdingTools.Templates.csproj", "{5C521800-1F4D-4E30-97BF-8370EF476443}"
EndProject
Project("{FAE04EC0-301F-11D3-BF4B-00C04F79EFBC}") = "ModdingTools.Core", "ModdingTools.Core\ModdingTools.Core.csproj", "{8D8C933C-AABE-4865-A1C8-C85C003A2E0B}"
EndProject
Global
	GlobalSection(SolutionConfigurationPlatforms) = preSolution
		Debug|Any CPU = Debug|Any CPU
		Release|Any CPU = Release|Any CPU
	EndGlobalSection
	GlobalSection(ProjectConfigurationPlatforms) = postSolution
		{DEFBBD28-FB44-4701-AAA7-65B247587844}.Debug|Any CPU.ActiveCfg = Debug|Any CPU
		{DEFBBD28-FB44-4701-AAA7-65B247587844}.Debug|Any CPU.Build.0 = Debug|Any CPU
		{DEFBBD28-FB44-4701-AAA7-65B247587844}.Release|Any CPU.ActiveCfg = Release|Any CPU
		{DEFBBD28-FB44-4701-AAA7-65B247587844}.Release|Any CPU.Build.0 = Release|Any CPU
		{5C521800-1F4D-4E30-97BF-8370EF476443}.Debug|Any CPU.ActiveCfg = Debug|Any CPU
		{5C521800-1F4D-4E30-97BF-8370EF476443}.Debug|Any CPU.Build.0 = Debug|Any CPU
		{5C521800-1F4D-4E30-97BF-8370EF476443}.Release|Any CPU.ActiveCfg = Release|Any CPU
		{5C521800-1F4D-4E30-97BF-8370EF476443}.Release|Any CPU.Build.0 = Release|Any CPU
		{8D8C933C-AABE-4865-A1C8-C85C003A2E0B}.Debug|Any CPU.ActiveCfg = Debug|Any CPU
		{8D8C933C-AABE-4865-A1C8-C85C003A2E0B}.Debug|Any CPU.Build.0 = Debug|Any CPU
		{8D8C933C-AABE-4865-A1C8-C85C003A2E0B}.Release|Any CPU.ActiveCfg = Release|Any CPU
		{8D8C933C-AABE-4865-A1C8-C85C003A2E0B}.Release|Any CPU.Build.0 = Release|Any CPU
	EndGlobalSection
	GlobalSection(SolutionProperties) = preSolution
		HideSolutionNode = FALSE
	EndGlobalSection
	GlobalSection(ExtensibilityGlobals) = postSolution
		SolutionGuid = {4C2EB94E-C398-498E-9C82-026F5D35651C}
	EndGlobalSection
EndGlobal
